
Microsoft Visual Studio Solution File, Format Version 12.00
# Visual Studio Version 16
VisualStudioVersion = 16.0.31911.196
MinimumVisualStudioVersion = 10.0.40219.1
Project("{FAE04EC0-301F-11D3-BF4B-00C04F79EFBC}") = "ClassLibraryTest", "ClassLibraryTest\ClassLibraryTest.csproj", "{495EB586-DAE1-460B-9395-CDB5A6C19964}"
EndProject
Project("{FAE04EC0-301F-11D3-BF4B-00C04F79EFBC}") = "ConsoleUnit-Test", "ConsoleUnit-Test\ConsoleUnit-Test.csproj", "{ACC30C17-1F0A-4869-9C0C-388463C01541}"
EndProject
Global
	GlobalSection(SolutionConfigurationPlatforms) = preSolution
		Debug|Any CPU = Debug|Any CPU
		Release|Any CPU = Release|Any CPU
	EndGlobalSection
	GlobalSection(ProjectConfigurationPlatforms) = postSolution
		{495EB586-DAE1-460B-9395-CDB5A6C19964}.Debug|Any CPU.ActiveCfg = Debug|Any CPU
		{495EB586-DAE1-460B-9395-CDB5A6C19964}.Debug|Any CPU.Build.0 = Debug|Any CPU
		{495EB586-DAE1-460B-9395-CDB5A6C19964}.Release|Any CPU.ActiveCfg = Release|Any CPU
		{495EB586-DAE1-460B-9395-CDB5A6C19964}.Release|Any CPU.Build.0 = Release|Any CPU
		{ACC30C17-1F0A-4869-9C0C-388463C01541}.Debug|Any CPU.ActiveCfg = Debug|Any CPU
		{ACC30C17-1F0A-4869-9C0C-388463C01541}.Debug|Any CPU.Build.0 = Debug|Any CPU
		{ACC30C17-1F0A-4869-9C0C-388463C01541}.Release|Any CPU.ActiveCfg = Release|Any CPU
		{ACC30C17-1F0A-4869-9C0C-388463C01541}.Release|Any CPU.Build.0 = Release|Any CPU
	EndGlobalSection
	GlobalSection(SolutionProperties) = preSolution
		HideSolutionNode = FALSE
	EndGlobalSection
	GlobalSection(ExtensibilityGlobals) = postSolution
		SolutionGuid = {C92001DA-02B9-4624-AC3A-E9BB34B1F09B}
	EndGlobalSection
EndGlobal
